
Microsoft Visual Studio Solution File, Format Version 12.00
# Visual Studio 15
VisualStudioVersion = 15.0.28010.2048
MinimumVisualStudioVersion = 10.0.40219.1
Project("{FAE04EC0-301F-11D3-BF4B-00C04F79EFBC}") = "Hualter", "Hualter\Hualter.csproj", "{96437861-CFF1-4F7B-A9A0-5E36C9F226B1}"
EndProject
Project("{FAE04EC0-301F-11D3-BF4B-00C04F79EFBC}") = "HualterMVC", "HualterMVC\HualterMVC.csproj", "{CC7B2D95-6911-4898-8C02-35D903A0FE83}"
EndProject
Global
	GlobalSection(SolutionConfigurationPlatforms) = preSolution
		Debug|Any CPU = Debug|Any CPU
		Release|Any CPU = Release|Any CPU
	EndGlobalSection
	GlobalSection(ProjectConfigurationPlatforms) = postSolution
		{96437861-CFF1-4F7B-A9A0-5E36C9F226B1}.Debug|Any CPU.ActiveCfg = Debug|Any CPU
		{96437861-CFF1-4F7B-A9A0-5E36C9F226B1}.Debug|Any CPU.Build.0 = Debug|Any CPU
		{96437861-CFF1-4F7B-A9A0-5E36C9F226B1}.Release|Any CPU.ActiveCfg = Release|Any CPU
		{96437861-CFF1-4F7B-A9A0-5E36C9F226B1}.Release|Any CPU.Build.0 = Release|Any CPU
		{CC7B2D95-6911-4898-8C02-35D903A0FE83}.Debug|Any CPU.ActiveCfg = Debug|Any CPU
		{CC7B2D95-6911-4898-8C02-35D903A0FE83}.Debug|Any CPU.Build.0 = Debug|Any CPU
		{CC7B2D95-6911-4898-8C02-35D903A0FE83}.Release|Any CPU.ActiveCfg = Release|Any CPU
		{CC7B2D95-6911-4898-8C02-35D903A0FE83}.Release|Any CPU.Build.0 = Release|Any CPU
	EndGlobalSection
	GlobalSection(SolutionProperties) = preSolution
		HideSolutionNode = FALSE
	EndGlobalSection
	GlobalSection(ExtensibilityGlobals) = postSolution
		SolutionGuid = {7C369D1F-EB59-4438-A776-EBADB125C327}
	EndGlobalSection
EndGlobal
